
Microsoft Visual Studio Solution File, Format Version 12.00
# Visual Studio 15
VisualStudioVersion = 15.0.26403.7
MinimumVisualStudioVersion = 10.0.40219.1
Project("{FAE04EC0-301F-11D3-BF4B-00C04F79EFBC}") = "PlayerControlsTest", "PlayerControlsTest\PlayerControlsTest.csproj", "{8E049C75-2182-458F-9338-83C257D838CA}"
EndProject
Project("{FAE04EC0-301F-11D3-BF4B-00C04F79EFBC}") = "PlayerControls", "PlayerControls\PlayerControls.csproj", "{DF0322D9-BF49-4245-9001-00060FF7A8CA}"
EndProject
Project("{FAE04EC0-301F-11D3-BF4B-00C04F79EFBC}") = "_CsWpfBase", "..\..\..\CsGlobals\_CsWpfBase\_CsWpfBase.csproj", "{63CB4E91-9D9C-4C97-8097-FC3964593796}"
EndProject
Global
	GlobalSection(SolutionConfigurationPlatforms) = preSolution
		Debug|Any CPU = Debug|Any CPU
		Debug|x86 = Debug|x86
		Release|Any CPU = Release|Any CPU
		Release|x86 = Release|x86
	EndGlobalSection
	GlobalSection(ProjectConfigurationPlatforms) = postSolution
		{8E049C75-2182-458F-9338-83C257D838CA}.Debug|Any CPU.ActiveCfg = Debug|Any CPU
		{8E049C75-2182-458F-9338-83C257D838CA}.Debug|Any CPU.Build.0 = Debug|Any CPU
		{8E049C75-2182-458F-9338-83C257D838CA}.Debug|x86.ActiveCfg = Debug|Any CPU
		{8E049C75-2182-458F-9338-83C257D838CA}.Debug|x86.Build.0 = Debug|Any CPU
		{8E049C75-2182-458F-9338-83C257D838CA}.Release|Any CPU.ActiveCfg = Release|Any CPU
		{8E049C75-2182-458F-9338-83C257D838CA}.Release|Any CPU.Build.0 = Release|Any CPU
		{8E049C75-2182-458F-9338-83C257D838CA}.Release|x86.ActiveCfg = Release|Any CPU
		{8E049C75-2182-458F-9338-83C257D838CA}.Release|x86.Build.0 = Release|Any CPU
		{DF0322D9-BF49-4245-9001-00060FF7A8CA}.Debug|Any CPU.ActiveCfg = Debug|Any CPU
		{DF0322D9-BF49-4245-9001-00060FF7A8CA}.Debug|Any CPU.Build.0 = Debug|Any CPU
		{DF0322D9-BF49-4245-9001-00060FF7A8CA}.Debug|x86.ActiveCfg = Debug|Any CPU
		{DF0322D9-BF49-4245-9001-00060FF7A8CA}.Debug|x86.Build.0 = Debug|Any CPU
		{DF0322D9-BF49-4245-9001-00060FF7A8CA}.Release|Any CPU.ActiveCfg = Release|Any CPU
		{DF0322D9-BF49-4245-9001-00060FF7A8CA}.Release|Any CPU.Build.0 = Release|Any CPU
		{DF0322D9-BF49-4245-9001-00060FF7A8CA}.Release|x86.ActiveCfg = Release|Any CPU
		{DF0322D9-BF49-4245-9001-00060FF7A8CA}.Release|x86.Build.0 = Release|Any CPU
		{63CB4E91-9D9C-4C97-8097-FC3964593796}.Debug|Any CPU.ActiveCfg = Debug|Any CPU
		{63CB4E91-9D9C-4C97-8097-FC3964593796}.Debug|Any CPU.Build.0 = Debug|Any CPU
		{63CB4E91-9D9C-4C97-8097-FC3964593796}.Debug|x86.ActiveCfg = Debug|x86
		{63CB4E91-9D9C-4C97-8097-FC3964593796}.Debug|x86.Build.0 = Debug|x86
		{63CB4E91-9D9C-4C97-8097-FC3964593796}.Release|Any CPU.ActiveCfg = Release|Any CPU
		{63CB4E91-9D9C-4C97-8097-FC3964593796}.Release|Any CPU.Build.0 = Release|Any CPU
		{63CB4E91-9D9C-4C97-8097-FC3964593796}.Release|x86.ActiveCfg = Release|x86
		{63CB4E91-9D9C-4C97-8097-FC3964593796}.Release|x86.Build.0 = Release|x86
	EndGlobalSection
	GlobalSection(SolutionProperties) = preSolution
		HideSolutionNode = FALSE
	EndGlobalSection
EndGlobal
